{
  "name": "figma-rest-api",
  "version": "0.1.1",
  "lockfileVersion": 3,
  "requires": true,
  "packages": {
    "": {
      "name": "figma-rest-api",
      "version": "0.1.1",
      "license": "MIT",
      "bin": {
        "figma-pull": "figma-pull.mjs"
      },
      "engines": {
        "node": ">=18"
      }
    }
  }
}
